// !$*UTF8*$!
{
	archiveVersion = 1;
	classes = {
	};
	objectVersion = 48;
	objects = {

/* Begin PBXBuildFile section */
		BDBDB341207F2214004A96E9 /* AppDelegate.swift in Sources */ = {isa = PBXBuildFile; fileRef = BDBDB340207F2214004A96E9 /* AppDelegate.swift */; };
		BDBDB343207F2214004A96E9 /* ViewController.swift in Sources */ = {isa = PBXBuildFile; fileRef = BDBDB342207F2214004A96E9 /* ViewController.swift */; };
		BDBDB346207F2214004A96E9 /* Main.storyboard in Resources */ = {isa = PBXBuildFile; fileRef = BDBDB344207F2214004A96E9 /* Main.storyboard */; };
		BDBDB349207F2214004A96E9 /* PravinKambleTest.xcdatamodeld in Sources */ = {isa = PBXBuildFile; fileRef = BDBDB347207F2214004A96E9 /* PravinKambleTest.xcdatamodeld */; };
		BDBDB34B207F2214004A96E9 /* Assets.xcassets in Resources */ = {isa = PBXBuildFile; fileRef = BDBDB34A207F2214004A96E9 /* Assets.xcassets */; };
		BDBDB34E207F2214004A96E9 /* LaunchScreen.storyboard in Resources */ = {isa = PBXBuildFile; fileRef = BDBDB34C207F2214004A96E9 /* LaunchScreen.storyboard */; };
/* End PBXBuildFile section */

/* Begin PBXFileReference section */
		BDBDB33D207F2214004A96E9 /* PravinKambleTest.app */ = {isa = PBXFileReference; explicitFileType = wrapper.application; includeInIndex = 0; path = PravinKambleTest.app; sourceTree = BUILT_PRODUCTS_DIR; };
		BDBDB340207F2214004A96E9 /* AppDelegate.swift */ = {isa = PBXFileReference; lastKnownFileType = sourcecode.swift; path = AppDelegate.swift; sourceTree = "<group>"; };
		BDBDB342207F2214004A96E9 /* ViewController.swift */ = {isa = PBXFileReference; lastKnownFileType = sourcecode.swift; path = ViewController.swift; sourceTree = "<group>"; };
		BDBDB345207F2214004A96E9 /* Base */ = {isa = PBXFileReference; lastKnownFileType = file.storyboard; name = Base; path = Base.lproj/Main.storyboard; sourceTree = "<group>"; };
		BDBDB348207F2214004A96E9 /* PravinKambleTest.xcdatamodel */ = {isa = PBXFileReference; lastKnownFileType = wrapper.xcdatamodel; path = PravinKambleTest.xcdatamodel; sourceTree = "<group>"; };
		BDBDB34A207F2214004A96E9 /* Assets.xcassets */ = {isa = PBXFileReference; lastKnownFileType = folder.assetcatalog; path = Assets.xcassets; sourceTree = "<group>"; };
		BDBDB34D207F2214004A96E9 /* Base */ = {isa = PBXFileReference; lastKnownFileType = file.storyboard; name = Base; path = Base.lproj/LaunchScreen.storyboard; sourceTree = "<group>"; };
		BDBDB34F207F2214004A96E9 /* Info.plist */ = {isa = PBXFileReference; lastKnownFileType = text.plist.xml; path = Info.plist; sourceTree = "<group>"; };
/* End PBXFileReference section */

/* Begin PBXFrameworksBuildPhase section */
		BDBDB33A207F2214004A96E9 /* Frameworks */ = {
			isa = PBXFrameworksBuildPhase;
			buildActionMask = 2147483647;
			files = (
			);
			runOnlyForDeploymentPostprocessing = 0;
		};
/* End PBXFrameworksBuildPhase section */

/* Begin PBXGroup section */
		BDBDB334207F2214004A96E9 = {
			isa = PBXGroup;
			children = (
				BDBDB33F207F2214004A96E9 /* PravinKambleTest */,
				BDBDB33E207F2214004A96E9 /* Products */,
			);
			sourceTree = "<group>";
		};
		BDBDB33E207F2214004A96E9 /* Products */ = {
			isa = PBXGroup;
			children = (
				BDBDB33D207F2214004A96E9 /* PravinKambleTest.app */,
			);
			name = Products;
			sourceTree = "<group>";
		};
		BDBDB33F207F2214004A96E9 /* PravinKambleTest */ = {
			isa = PBXGroup;
			children = (
				BDBDB340207F2214004A96E9 /* AppDelegate.swift */,
				BDBDB342207F2214004A96E9 /* ViewController.swift */,
				BDBDB344207F2214004A96E9 /* Main.storyboard */,
				BDBDB34A207F2214004A96E9 /* Assets.xcassets */,
				BDBDB34C207F2214004A96E9 /* LaunchScreen.storyboard */,
				BDBDB34F207F2214004A96E9 /* Info.plist */,
				BDBDB347207F2214004A96E9 /* PravinKambleTest.xcdatamodeld */,
			);
			path = PravinKambleTest;
			sourceTree = "<group>";
		};
/* End PBXGroup section */

/* Begin PBXNativeTarget section */
		BDBDB33C207F2214004A96E9 /* PravinKambleTest */ = {
			isa = PBXNativeTarget;
			buildConfigurationList = BDBDB352207F2214004A96E9 /* Build configuration list for PBXNativeTarget "PravinKambleTest" */;
			buildPhases = (
				BDBDB339207F2214004A96E9 /* Sources */,
				BDBDB33A207F2214004A96E9 /* Frameworks */,
				BDBDB33B207F2214004A96E9 /* Resources */,
			);
			buildRules = (
			);
			dependencies = (
			);
			name = PravinKambleTest;
			productName = PravinKambleTest;
			productReference = BDBDB33D207F2214004A96E9 /* PravinKambleTest.app */;
			productType = "com.apple.product-type.application";
		};
/* End PBXNativeTarget section */

/* Begin PBXProject section */
		BDBDB335207F2214004A96E9 /* Project object */ = {
			isa = PBXProject;
			attributes = {
				LastSwiftUpdateCheck = 0920;
				LastUpgradeCheck = 0920;
				ORGANIZATIONNAME = "Pravin Kamble";
				TargetAttributes = {
					BDBDB33C207F2214004A96E9 = {
						CreatedOnToolsVersion = 9.2;
						ProvisioningStyle = Automatic;
					};
				};
			};
			buildConfigurationList = BDBDB338207F2214004A96E9 /* Build configuration list for PBXProject "PravinKambleTest" */;
			compatibilityVersion = "Xcode 8.0";
			developmentRegion = en;
			hasScannedForEncodings = 0;
			knownRegions = (
				en,
				Base,
			);
			mainGroup = BDBDB334207F2214004A96E9;
			productRefGroup = BDBDB33E207F2214004A96E9 /* Products */;
			projectDirPath = "";
			projectRoot = "";
			targets = (
				BDBDB33C207F2214004A96E9 /* PravinKambleTest */,
			);
		};
/* End PBXProject section */

/* Begin PBXResourcesBuildPhase section */
		BDBDB33B207F2214004A96E9 /* Resources */ = {
			isa = PBXResourcesBuildPhase;
			buildActionMask = 2147483647;
			files = (
				BDBDB34E207F2214004A96E9 /* LaunchScreen.storyboard in Resources */,
				BDBDB34B207F2214004A96E9 /* Assets.xcassets in Resources */,
				BDBDB346207F2214004A96E9 /* Main.storyboard in Resources */,
			);
			runOnlyForDeploymentPostprocessing = 0;
		};
/* End PBXResourcesBuildPhase section */

/* Begin PBXSourcesBuildPhase section */
		BDBDB339207F2214004A96E9 /* Sources */ = {
			isa = PBXSourcesBuildPhase;
			buildActionMask = 2147483647;
			files = (
				BDBDB349207F2214004A96E9 /* PravinKambleTest.xcdatamodeld in Sources */,
				BDBDB343207F2214004A96E9 /* ViewController.swift in Sources */,
				BDBDB341207F2214004A96E9 /* AppDelegate.swift in Sources */,
			);
			runOnlyForDeploymentPostprocessing = 0;
		};
/* End PBXSourcesBuildPhase section */

/* Begin PBXVariantGroup section */
		BDBDB344207F2214004A96E9 /* Main.storyboard */ = {
			isa = PBXVariantGroup;
			children = (
				BDBDB345207F2214004A96E9 /* Base */,
			);
			name = Main.storyboard;
			sourceTree = "<group>";
		};
		BDBDB34C207F2214004A96E9 /* LaunchScreen.storyboard */ = {
			isa = PBXVariantGroup;
			children = (
				BDBDB34D207F2214004A96E9 /* Base */,
			);
			name = LaunchScreen.storyboard;
			sourceTree = "<group>";
		};
/* End PBXVariantGroup section */

/* Begin XCBuildConfiguration section */
		BDBDB350207F2214004A96E9 /* Debug */ = {
			isa = XCBuildConfiguration;
			buildSettings = {
				ALWAYS_SEARCH_USER_PATHS = NO;
				CLANG_ANALYZER_NONNULL = YES;
				CLANG_ANALYZER_NUMBER_OBJECT_CONVERSION = YES_AGGRESSIVE;
				CLANG_CXX_LANGUAGE_STANDARD = "gnu++14";
				CLANG_CXX_LIBRARY = "libc++";
				CLANG_ENABLE_MODULES = YES;
				CLANG_ENABLE_OBJC_ARC = YES;
				CLANG_WARN_BLOCK_CAPTURE_AUTORELEASING = YES;
				CLANG_WARN_BOOL_CONVERSION = YES;
				CLANG_WARN_COMMA = YES;
				CLANG_WARN_CONSTANT_CONVERSION = YES;
				CLANG_WARN_DIRECT_OBJC_ISA_USAGE = YES_ERROR;
				CLANG_WARN_DOCUMENTATION_COMMENTS = YES;
				CLANG_WARN_EMPTY_BODY = YES;
				CLANG_WARN_ENUM_CONVERSION = YES;
				CLANG_WARN_INFINITE_RECURSION = YES;
				CLANG_WARN_INT_CONVERSION = YES;
				CLANG_WARN_NON_LITERAL_NULL_CONVERSION = YES;
				CLANG_WARN_OBJC_LITERAL_CONVERSION = YES;
				CLANG_WARN_OBJC_ROOT_CLASS = YES_ERROR;
				CLANG_WARN_RANGE_LOOP_ANALYSIS = YES;
				CLANG_WARN_STRICT_PROTOTYPES = YES;
				CLANG_WARN_SUSPICIOUS_MOVE = YES;
				CLANG_WARN_UNGUARDED_AVAILABILITY = YES_AGGRESSIVE;
				CLANG_WARN_UNREACHABLE_CODE = YES;
				CLANG_WARN__DUPLICATE_METHOD_MATCH = YES;
				CODE_SIGN_IDENTITY = "iPhone Developer";
				COPY_PHASE_STRIP = NO;
				DEBUG_INFORMATION_FORMAT = dwarf;
				ENABLE_STRICT_OBJC_MSGSEND = YES;
				ENABLE_TESTABILITY = YES;
				GCC_C_LANGUAGE_STANDARD = gnu11;
				GCC_DYNAMIC_NO_PIC = NO;
				GCC_NO_COMMON_BLOCKS = YES;
				GCC_OPTIMIZATION_LEVEL = 0;
				GCC_PREPROCESSOR_DEFINITIONS = (
					"DEBUG=1",
					"$(inherited)",
				);
				GCC_WARN_64_TO_32_BIT_CONVERSION = YES;
				GCC_WARN_ABOUT_RETURN_TYPE = YES_ERROR;
				GCC_WARN_UNDECLARED_SELECTOR = YES;
				GCC_WARN_UNINITIALIZED_AUTOS = YES_AGGRESSIVE;
				GCC_WARN_UNUSED_FUNCTION = YES;
				GCC_WARN_UNUSED_VARIABLE = YES;
				IPHONEOS_DEPLOYMENT_TARGET = 11.2;
				MTL_ENABLE_DEBUG_INFO = YES;
				ONLY_ACTIVE_ARCH = YES;
				SDKROOT = iphoneos;
				SWIFT_ACTIVE_COMPILATION_CONDITIONS = DEBUG;
				SWIFT_OPTIMIZATION_LEVEL = "-Onone";
			};
			name = Debug;
		};
		BDBDB351207F2214004A96E9 /* Release */ = {
			isa = XCBuildConfiguration;
			buildSettings = {
				ALWAYS_SEARCH_USER_PATHS = NO;
				CLANG_ANALYZER_NONNULL = YES;
				CLANG_ANALYZER_NUMBER_OBJECT_CONVERSION = YES_AGGRESSIVE;
				CLANG_CXX_LANGUAGE_STANDARD = "gnu++14";
				CLANG_CXX_LIBRARY = "libc++";
				CLANG_ENABLE_MODULES = YES;
				CLANG_ENABLE_OBJC_ARC = YES;
				CLANG_WARN_BLOCK_CAPTURE_AUTORELEASING = YES;
				CLANG_WARN_BOOL_CONVERSION = YES;
				CLANG_WARN_COMMA = YES;
				CLANG_WARN_CONSTANT_CONVERSION = YES;
				CLANG_WARN_DIRECT_OBJC_ISA_USAGE = YES_ERROR;
				CLANG_WARN_DOCUMENTATION_COMMENTS = YES;
				CLANG_WARN_EMPTY_BODY = YES;
				CLANG_WARN_ENUM_CONVERSION = YES;
				CLANG_WARN_INFINITE_RECURSION = YES;
				CLANG_WARN_INT_CONVERSION = YES;
				CLANG_WARN_NON_LITERAL_NULL_CONVERSION = YES;
				CLANG_WARN_OBJC_LITERAL_CONVERSION = YES;
				CLANG_WARN_OBJC_ROOT_CLASS = YES_ERROR;
				CLANG_WARN_RANGE_LOOP_ANALYSIS = YES;
				CLANG_WARN_STRICT_PROTOTYPES = YES;
				CLANG_WARN_SUSPICIOUS_MOVE = YES;
				CLANG_WARN_UNGUARDED_AVAILABILITY = YES_AGGRESSIVE;
				CLANG_WARN_UNREACHABLE_CODE = YES;
				CLANG_WARN__DUPLICATE_METHOD_MATCH = YES;
				CODE_SIGN_IDENTITY = "iPhone Developer";
				COPY_PHASE_STRIP = NO;
				DEBUG_INFORMATION_FORMAT = "dwarf-with-dsym";
				ENABLE_NS_ASSERTIONS = NO;
				ENABLE_STRICT_OBJC_MSGSEND = YES;
				GCC_C_LANGUAGE_STANDARD = gnu11;
				GCC_NO_COMMON_BLOCKS = YES;
				GCC_WARN_64_TO_32_BIT_CONVERSION = YES;
				GCC_WARN_ABOUT_RETURN_TYPE = YES_ERROR;
				GCC_WARN_UNDECLARED_SELECTOR = YES;
				GCC_WARN_UNINITIALIZED_AUTOS = YES_AGGRESSIVE;
				GCC_WARN_UNUSED_FUNCTION = YES;
				GCC_WARN_UNUSED_VARIABLE = YES;
				IPHONEOS_DEPLOYMENT_TARGET = 11.2;
				MTL_ENABLE_DEBUG_INFO = NO;
				SDKROOT = iphoneos;
				SWIFT_OPTIMIZATION_LEVEL = "-Owholemodule";
				VALIDATE_PRODUCT = YES;
			};
			name = Release;
		};
		BDBDB353207F2214004A96E9 /* Debug */ = {
			isa = XCBuildConfiguration;
			buildSettings = {
				ASSETCATALOG_COMPILER_APPICON_NAME = AppIcon;
				CODE_SIGN_STYLE = Automatic;
				DEVELOPMENT_TEAM = QSL7LF5GB8;
				INFOPLIST_FILE = PravinKambleTest/Info.plist;
				LD_RUNPATH_SEARCH_PATHS = "$(inherited) @executable_path/Frameworks";
				PRODUCT_BUNDLE_IDENTIFIER = pravinkamble.PravinKambleTest;
				PRODUCT_NAME = "$(TARGET_NAME)";
				SWIFT_VERSION = 4.0;
				TARGETED_DEVICE_FAMILY = "1,2";
			};
			name = Debug;
		};
		BDBDB354207F2214004A96E9 /* Release */ = {
			isa = XCBuildConfiguration;
			buildSettings = {
				ASSETCATALOG_COMPILER_APPICON_NAME = AppIcon;
				CODE_SIGN_STYLE = Automatic;
				DEVELOPMENT_TEAM = QSL7LF5GB8;
				INFOPLIST_FILE = PravinKambleTest/Info.plist;
				LD_RUNPATH_SEARCH_PATHS = "$(inherited) @executable_path/Frameworks";
				PRODUCT_BUNDLE_IDENTIFIER = pravinkamble.PravinKambleTest;
				PRODUCT_NAME = "$(TARGET_NAME)";
				SWIFT_VERSION = 4.0;
				TARGETED_DEVICE_FAMILY = "1,2";
			};
			name = Release;
		};
/* End XCBuildConfiguration section */

/* Begin XCConfigurationList section */
		BDBDB338207F2214004A96E9 /* Build configuration list for PBXProject "PravinKambleTest" */ = {
			isa = XCConfigurationList;
			buildConfigurations = (
				BDBDB350207F2214004A96E9 /* Debug */,
				BDBDB351207F2214004A96E9 /* Release */,
			);
			defaultConfigurationIsVisible = 0;
			defaultConfigurationName = Release;
		};
		BDBDB352207F2214004A96E9 /* Build configuration list for PBXNativeTarget "PravinKambleTest" */ = {
			isa = XCConfigurationList;
			buildConfigurations = (
				BDBDB353207F2214004A96E9 /* Debug */,
				BDBDB354207F2214004A96E9 /* Release */,
			);
			defaultConfigurationIsVisible = 0;
			defaultConfigurationName = Release;
		};
/* End XCConfigurationList section */

/* Begin XCVersionGroup section */
		BDBDB347207F2214004A96E9 /* PravinKambleTest.xcdatamodeld */ = {
			isa = XCVersionGroup;
			children = (
				BDBDB348207F2214004A96E9 /* PravinKambleTest.xcdatamodel */,
			);
			currentVersion = BDBDB348207F2214004A96E9 /* PravinKambleTest.xcdatamodel */;
			path = PravinKambleTest.xcdatamodeld;
			sourceTree = "<group>";
			versionGroupType = wrapper.xcdatamodel;
		};
/* End XCVersionGroup section */
	};
	rootObject = BDBDB335207F2214004A96E9 /* Project object */;
}
